
Microsoft Visual Studio Solution File, Format Version 12.00
# Visual Studio Version 16
VisualStudioVersion = 16.0.31025.194
MinimumVisualStudioVersion = 10.0.40219.1
Project("{9A19103F-16F7-4668-BE54-9A1E7A4F7556}") = "List", "ListView\List.csproj", "{6E0DEBE7-D67C-42D2-A1F1-768A89677468}"
EndProject
Global
	GlobalSection(SolutionConfigurationPlatforms) = preSolution
		Debug|Any CPU = Debug|Any CPU
		Release|Any CPU = Release|Any CPU
	EndGlobalSection
	GlobalSection(ProjectConfigurationPlatforms) = postSolution
		{6E0DEBE7-D67C-42D2-A1F1-768A89677468}.Debug|Any CPU.ActiveCfg = Debug|Any CPU
		{6E0DEBE7-D67C-42D2-A1F1-768A89677468}.Debug|Any CPU.Build.0 = Debug|Any CPU
		{6E0DEBE7-D67C-42D2-A1F1-768A89677468}.Release|Any CPU.ActiveCfg = Release|Any CPU
		{6E0DEBE7-D67C-42D2-A1F1-768A89677468}.Release|Any CPU.Build.0 = Release|Any CPU
	EndGlobalSection
	GlobalSection(SolutionProperties) = preSolution
		HideSolutionNode = FALSE
	EndGlobalSection
	GlobalSection(ExtensibilityGlobals) = postSolution
		SolutionGuid = {316FB244-3E91-450E-9FFA-E701AECB3F7D}
	EndGlobalSection
EndGlobal
